// !$*UTF8*$!
{
	archiveVersion = 1;
	classes = {
	};
	objectVersion = 50;
	objects = {

/* Begin PBXBuildFile section */
		DF0D197022C107D50002E985 /* AppDelegate.swift in Sources */ = {isa = PBXBuildFile; fileRef = DF0D196F22C107D50002E985 /* AppDelegate.swift */; };
		DF0D197222C107D50002E985 /* GameScene.sks in Resources */ = {isa = PBXBuildFile; fileRef = DF0D197122C107D50002E985 /* GameScene.sks */; };
		DF0D197422C107D50002E985 /* Actions.sks in Resources */ = {isa = PBXBuildFile; fileRef = DF0D197322C107D50002E985 /* Actions.sks */; };
		DF0D197622C107D50002E985 /* GameScene.swift in Sources */ = {isa = PBXBuildFile; fileRef = DF0D197522C107D50002E985 /* GameScene.swift */; };
		DF0D197822C107D50002E985 /* GameViewController.swift in Sources */ = {isa = PBXBuildFile; fileRef = DF0D197722C107D50002E985 /* GameViewController.swift */; };
		DF0D197B22C107D50002E985 /* Main.storyboard in Resources */ = {isa = PBXBuildFile; fileRef = DF0D197922C107D50002E985 /* Main.storyboard */; };
		DF0D197D22C107D70002E985 /* Assets.xcassets in Resources */ = {isa = PBXBuildFile; fileRef = DF0D197C22C107D70002E985 /* Assets.xcassets */; };
		DF0D198022C107D70002E985 /* LaunchScreen.storyboard in Resources */ = {isa = PBXBuildFile; fileRef = DF0D197E22C107D70002E985 /* LaunchScreen.storyboard */; };
		DF978E0222C177F8008402B3 /* GameOverScene.swift in Sources */ = {isa = PBXBuildFile; fileRef = DF978E0122C177F8008402B3 /* GameOverScene.swift */; };
		DF978E0422C17B07008402B3 /* WinScene.swift in Sources */ = {isa = PBXBuildFile; fileRef = DF978E0322C17B07008402B3 /* WinScene.swift */; };
/* End PBXBuildFile section */

/* Begin PBXFileReference section */
		DF0D196C22C107D50002E985 /* ColorGalaga.app */ = {isa = PBXFileReference; explicitFileType = wrapper.application; includeInIndex = 0; path = ColorGalaga.app; sourceTree = BUILT_PRODUCTS_DIR; };
		DF0D196F22C107D50002E985 /* AppDelegate.swift */ = {isa = PBXFileReference; lastKnownFileType = sourcecode.swift; path = AppDelegate.swift; sourceTree = "<group>"; };
		DF0D197122C107D50002E985 /* GameScene.sks */ = {isa = PBXFileReference; lastKnownFileType = file.sks; path = GameScene.sks; sourceTree = "<group>"; };
		DF0D197322C107D50002E985 /* Actions.sks */ = {isa = PBXFileReference; lastKnownFileType = file.sks; path = Actions.sks; sourceTree = "<group>"; };
		DF0D197522C107D50002E985 /* GameScene.swift */ = {isa = PBXFileReference; lastKnownFileType = sourcecode.swift; path = GameScene.swift; sourceTree = "<group>"; };
		DF0D197722C107D50002E985 /* GameViewController.swift */ = {isa = PBXFileReference; lastKnownFileType = sourcecode.swift; path = GameViewController.swift; sourceTree = "<group>"; };
		DF0D197A22C107D50002E985 /* Base */ = {isa = PBXFileReference; lastKnownFileType = file.storyboard; name = Base; path = Base.lproj/Main.storyboard; sourceTree = "<group>"; };
		DF0D197C22C107D70002E985 /* Assets.xcassets */ = {isa = PBXFileReference; lastKnownFileType = folder.assetcatalog; path = Assets.xcassets; sourceTree = "<group>"; };
		DF0D197F22C107D70002E985 /* Base */ = {isa = PBXFileReference; lastKnownFileType = file.storyboard; name = Base; path = Base.lproj/LaunchScreen.storyboard; sourceTree = "<group>"; };
		DF0D198122C107D70002E985 /* Info.plist */ = {isa = PBXFileReference; lastKnownFileType = text.plist.xml; path = Info.plist; sourceTree = "<group>"; };
		DF978E0122C177F8008402B3 /* GameOverScene.swift */ = {isa = PBXFileReference; lastKnownFileType = sourcecode.swift; path = GameOverScene.swift; sourceTree = "<group>"; };
		DF978E0322C17B07008402B3 /* WinScene.swift */ = {isa = PBXFileReference; lastKnownFileType = sourcecode.swift; path = WinScene.swift; sourceTree = "<group>"; };
/* End PBXFileReference section */

/* Begin PBXFrameworksBuildPhase section */
		DF0D196922C107D50002E985 /* Frameworks */ = {
			isa = PBXFrameworksBuildPhase;
			buildActionMask = 2147483647;
			files = (
			);
			runOnlyForDeploymentPostprocessing = 0;
		};
/* End PBXFrameworksBuildPhase section */

/* Begin PBXGroup section */
		DF0D196322C107D50002E985 = {
			isa = PBXGroup;
			children = (
				DF0D196E22C107D50002E985 /* ColorGalaga */,
				DF0D196D22C107D50002E985 /* Products */,
			);
			sourceTree = "<group>";
		};
		DF0D196D22C107D50002E985 /* Products */ = {
			isa = PBXGroup;
			children = (
				DF0D196C22C107D50002E985 /* ColorGalaga.app */,
			);
			name = Products;
			sourceTree = "<group>";
		};
		DF0D196E22C107D50002E985 /* ColorGalaga */ = {
			isa = PBXGroup;
			children = (
				DF978E0122C177F8008402B3 /* GameOverScene.swift */,
				DF978E0322C17B07008402B3 /* WinScene.swift */,
				DF0D196F22C107D50002E985 /* AppDelegate.swift */,
				DF0D197122C107D50002E985 /* GameScene.sks */,
				DF0D197322C107D50002E985 /* Actions.sks */,
				DF0D197522C107D50002E985 /* GameScene.swift */,
				DF0D197722C107D50002E985 /* GameViewController.swift */,
				DF0D197922C107D50002E985 /* Main.storyboard */,
				DF0D197C22C107D70002E985 /* Assets.xcassets */,
				DF0D197E22C107D70002E985 /* LaunchScreen.storyboard */,
				DF0D198122C107D70002E985 /* Info.plist */,
			);
			path = ColorGalaga;
			sourceTree = "<group>";
		};
/* End PBXGroup section */

/* Begin PBXNativeTarget section */
		DF0D196B22C107D50002E985 /* ColorGalaga */ = {
			isa = PBXNativeTarget;
			buildConfigurationList = DF0D198422C107D70002E985 /* Build configuration list for PBXNativeTarget "ColorGalaga" */;
			buildPhases = (
				DF0D196822C107D50002E985 /* Sources */,
				DF0D196922C107D50002E985 /* Frameworks */,
				DF0D196A22C107D50002E985 /* Resources */,
			);
			buildRules = (
			);
			dependencies = (
			);
			name = ColorGalaga;
			productName = ColorGalaga;
			productReference = DF0D196C22C107D50002E985 /* ColorGalaga.app */;
			productType = "com.apple.product-type.application";
		};
/* End PBXNativeTarget section */

/* Begin PBXProject section */
		DF0D196422C107D50002E985 /* Project object */ = {
			isa = PBXProject;
			attributes = {
				LastSwiftUpdateCheck = 1020;
				LastUpgradeCheck = 1020;
				ORGANIZATIONNAME = "hardeep kaur";
				TargetAttributes = {
					DF0D196B22C107D50002E985 = {
						CreatedOnToolsVersion = 10.2.1;
					};
				};
			};
			buildConfigurationList = DF0D196722C107D50002E985 /* Build configuration list for PBXProject "ColorGalaga" */;
			compatibilityVersion = "Xcode 9.3";
			developmentRegion = en;
			hasScannedForEncodings = 0;
			knownRegions = (
				en,
				Base,
			);
			mainGroup = DF0D196322C107D50002E985;
			productRefGroup = DF0D196D22C107D50002E985 /* Products */;
			projectDirPath = "";
			projectRoot = "";
			targets = (
				DF0D196B22C107D50002E985 /* ColorGalaga */,
			);
		};
/* End PBXProject section */

/* Begin PBXResourcesBuildPhase section */
		DF0D196A22C107D50002E985 /* Resources */ = {
			isa = PBXResourcesBuildPhase;
			buildActionMask = 2147483647;
			files = (
				DF0D197B22C107D50002E985 /* Main.storyboard in Resources */,
				DF0D197222C107D50002E985 /* GameScene.sks in Resources */,
				DF0D197D22C107D70002E985 /* Assets.xcassets in Resources */,
				DF0D198022C107D70002E985 /* LaunchScreen.storyboard in Resources */,
				DF0D197422C107D50002E985 /* Actions.sks in Resources */,
			);
			runOnlyForDeploymentPostprocessing = 0;
		};
/* End PBXResourcesBuildPhase section */

/* Begin PBXSourcesBuildPhase section */
		DF0D196822C107D50002E985 /* Sources */ = {
			isa = PBXSourcesBuildPhase;
			buildActionMask = 2147483647;
			files = (
				DF0D197622C107D50002E985 /* GameScene.swift in Sources */,
				DF978E0422C17B07008402B3 /* WinScene.swift in Sources */,
				DF0D197822C107D50002E985 /* GameViewController.swift in Sources */,
				DF978E0222C177F8008402B3 /* GameOverScene.swift in Sources */,
				DF0D197022C107D50002E985 /* AppDelegate.swift in Sources */,
			);
			runOnlyForDeploymentPostprocessing = 0;
		};
/* End PBXSourcesBuildPhase section */

/* Begin PBXVariantGroup section */
		DF0D197922C107D50002E985 /* Main.storyboard */ = {
			isa = PBXVariantGroup;
			children = (
				DF0D197A22C107D50002E985 /* Base */,
			);
			name = Main.storyboard;
			sourceTree = "<group>";
		};
		DF0D197E22C107D70002E985 /* LaunchScreen.storyboard */ = {
			isa = PBXVariantGroup;
			children = (
				DF0D197F22C107D70002E985 /* Base */,
			);
			name = LaunchScreen.storyboard;
			sourceTree = "<group>";
		};
/* End PBXVariantGroup section */

/* Begin XCBuildConfiguration section */
		DF0D198222C107D70002E985 /* Debug */ = {
			isa = XCBuildConfiguration;
			buildSettings = {
				ALWAYS_SEARCH_USER_PATHS = NO;
				CLANG_ANALYZER_NONNULL = YES;
				CLANG_ANALYZER_NUMBER_OBJECT_CONVERSION = YES_AGGRESSIVE;
				CLANG_CXX_LANGUAGE_STANDARD = "gnu++14";
				CLANG_CXX_LIBRARY = "libc++";
				CLANG_ENABLE_MODULES = YES;
				CLANG_ENABLE_OBJC_ARC = YES;
				CLANG_ENABLE_OBJC_WEAK = YES;
				CLANG_WARN_BLOCK_CAPTURE_AUTORELEASING = YES;
				CLANG_WARN_BOOL_CONVERSION = YES;
				CLANG_WARN_COMMA = YES;
				CLANG_WARN_CONSTANT_CONVERSION = YES;
				CLANG_WARN_DEPRECATED_OBJC_IMPLEMENTATIONS = YES;
				CLANG_WARN_DIRECT_OBJC_ISA_USAGE = YES_ERROR;
				CLANG_WARN_DOCUMENTATION_COMMENTS = YES;
				CLANG_WARN_EMPTY_BODY = YES;
				CLANG_WARN_ENUM_CONVERSION = YES;
				CLANG_WARN_INFINITE_RECURSION = YES;
				CLANG_WARN_INT_CONVERSION = YES;
				CLANG_WARN_NON_LITERAL_NULL_CONVERSION = YES;
				CLANG_WARN_OBJC_IMPLICIT_RETAIN_SELF = YES;
				CLANG_WARN_OBJC_LITERAL_CONVERSION = YES;
				CLANG_WARN_OBJC_ROOT_CLASS = YES_ERROR;
				CLANG_WARN_RANGE_LOOP_ANALYSIS = YES;
				CLANG_WARN_STRICT_PROTOTYPES = YES;
				CLANG_WARN_SUSPICIOUS_MOVE = YES;
				CLANG_WARN_UNGUARDED_AVAILABILITY = YES_AGGRESSIVE;
				CLANG_WARN_UNREACHABLE_CODE = YES;
				CLANG_WARN__DUPLICATE_METHOD_MATCH = YES;
				CODE_SIGN_IDENTITY = "iPhone Developer";
				COPY_PHASE_STRIP = NO;
				DEBUG_INFORMATION_FORMAT = dwarf;
				ENABLE_STRICT_OBJC_MSGSEND = YES;
				ENABLE_TESTABILITY = YES;
				GCC_C_LANGUAGE_STANDARD = gnu11;
				GCC_DYNAMIC_NO_PIC = NO;
				GCC_NO_COMMON_BLOCKS = YES;
				GCC_OPTIMIZATION_LEVEL = 0;
				GCC_PREPROCESSOR_DEFINITIONS = (
					"DEBUG=1",
					"$(inherited)",
				);
				GCC_WARN_64_TO_32_BIT_CONVERSION = YES;
				GCC_WARN_ABOUT_RETURN_TYPE = YES_ERROR;
				GCC_WARN_UNDECLARED_SELECTOR = YES;
				GCC_WARN_UNINITIALIZED_AUTOS = YES_AGGRESSIVE;
				GCC_WARN_UNUSED_FUNCTION = YES;
				GCC_WARN_UNUSED_VARIABLE = YES;
				IPHONEOS_DEPLOYMENT_TARGET = 12.2;
				MTL_ENABLE_DEBUG_INFO = INCLUDE_SOURCE;
				MTL_FAST_MATH = YES;
				ONLY_ACTIVE_ARCH = YES;
				SDKROOT = iphoneos;
				SWIFT_ACTIVE_COMPILATION_CONDITIONS = DEBUG;
				SWIFT_OPTIMIZATION_LEVEL = "-Onone";
			};
			name = Debug;
		};
		DF0D198322C107D70002E985 /* Release */ = {
			isa = XCBuildConfiguration;
			buildSettings = {
				ALWAYS_SEARCH_USER_PATHS = NO;
				CLANG_ANALYZER_NONNULL = YES;
				CLANG_ANALYZER_NUMBER_OBJECT_CONVERSION = YES_AGGRESSIVE;
				CLANG_CXX_LANGUAGE_STANDARD = "gnu++14";
				CLANG_CXX_LIBRARY = "libc++";
				CLANG_ENABLE_MODULES = YES;
				CLANG_ENABLE_OBJC_ARC = YES;
				CLANG_ENABLE_OBJC_WEAK = YES;
				CLANG_WARN_BLOCK_CAPTURE_AUTORELEASING = YES;
				CLANG_WARN_BOOL_CONVERSION = YES;
				CLANG_WARN_COMMA = YES;
				CLANG_WARN_CONSTANT_CONVERSION = YES;
				CLANG_WARN_DEPRECATED_OBJC_IMPLEMENTATIONS = YES;
				CLANG_WARN_DIRECT_OBJC_ISA_USAGE = YES_ERROR;
				CLANG_WARN_DOCUMENTATION_COMMENTS = YES;
				CLANG_WARN_EMPTY_BODY = YES;
				CLANG_WARN_ENUM_CONVERSION = YES;
				CLANG_WARN_INFINITE_RECURSION = YES;
				CLANG_WARN_INT_CONVERSION = YES;
				CLANG_WARN_NON_LITERAL_NULL_CONVERSION = YES;
				CLANG_WARN_OBJC_IMPLICIT_RETAIN_SELF = YES;
				CLANG_WARN_OBJC_LITERAL_CONVERSION = YES;
				CLANG_WARN_OBJC_ROOT_CLASS = YES_ERROR;
				CLANG_WARN_RANGE_LOOP_ANALYSIS = YES;
				CLANG_WARN_STRICT_PROTOTYPES = YES;
				CLANG_WARN_SUSPICIOUS_MOVE = YES;
				CLANG_WARN_UNGUARDED_AVAILABILITY = YES_AGGRESSIVE;
				CLANG_WARN_UNREACHABLE_CODE = YES;
				CLANG_WARN__DUPLICATE_METHOD_MATCH = YES;
				CODE_SIGN_IDENTITY = "iPhone Developer";
				COPY_PHASE_STRIP = NO;
				DEBUG_INFORMATION_FORMAT = "dwarf-with-dsym";
				ENABLE_NS_ASSERTIONS = NO;
				ENABLE_STRICT_OBJC_MSGSEND = YES;
				GCC_C_LANGUAGE_STANDARD = gnu11;
				GCC_NO_COMMON_BLOCKS = YES;
				GCC_WARN_64_TO_32_BIT_CONVERSION = YES;
				GCC_WARN_ABOUT_RETURN_TYPE = YES_ERROR;
				GCC_WARN_UNDECLARED_SELECTOR = YES;
				GCC_WARN_UNINITIALIZED_AUTOS = YES_AGGRESSIVE;
				GCC_WARN_UNUSED_FUNCTION = YES;
				GCC_WARN_UNUSED_VARIABLE = YES;
				IPHONEOS_DEPLOYMENT_TARGET = 12.2;
				MTL_ENABLE_DEBUG_INFO = NO;
				MTL_FAST_MATH = YES;
				SDKROOT = iphoneos;
				SWIFT_COMPILATION_MODE = wholemodule;
				SWIFT_OPTIMIZATION_LEVEL = "-O";
				VALIDATE_PRODUCT = YES;
			};
			name = Release;
		};
		DF0D198522C107D70002E985 /* Debug */ = {
			isa = XCBuildConfiguration;
			buildSettings = {
				ASSETCATALOG_COMPILER_APPICON_NAME = AppIcon;
				CODE_SIGN_STYLE = Automatic;
				INFOPLIST_FILE = ColorGalaga/Info.plist;
				LD_RUNPATH_SEARCH_PATHS = (
					"$(inherited)",
					"@executable_path/Frameworks",
				);
				PRODUCT_BUNDLE_IDENTIFIER = "hardeep-kaur.ColorGalaga";
				PRODUCT_NAME = "$(TARGET_NAME)";
				SWIFT_VERSION = 5.0;
				TARGETED_DEVICE_FAMILY = "1,2";
			};
			name = Debug;
		};
		DF0D198622C107D70002E985 /* Release */ = {
			isa = XCBuildConfiguration;
			buildSettings = {
				ASSETCATALOG_COMPILER_APPICON_NAME = AppIcon;
				CODE_SIGN_STYLE = Automatic;
				INFOPLIST_FILE = ColorGalaga/Info.plist;
				LD_RUNPATH_SEARCH_PATHS = (
					"$(inherited)",
					"@executable_path/Frameworks",
				);
				PRODUCT_BUNDLE_IDENTIFIER = "hardeep-kaur.ColorGalaga";
				PRODUCT_NAME = "$(TARGET_NAME)";
				SWIFT_VERSION = 5.0;
				TARGETED_DEVICE_FAMILY = "1,2";
			};
			name = Release;
		};
/* End XCBuildConfiguration section */

/* Begin XCConfigurationList section */
		DF0D196722C107D50002E985 /* Build configuration list for PBXProject "ColorGalaga" */ = {
			isa = XCConfigurationList;
			buildConfigurations = (
				DF0D198222C107D70002E985 /* Debug */,
				DF0D198322C107D70002E985 /* Release */,
			);
			defaultConfigurationIsVisible = 0;
			defaultConfigurationName = Release;
		};
		DF0D198422C107D70002E985 /* Build configuration list for PBXNativeTarget "ColorGalaga" */ = {
			isa = XCConfigurationList;
			buildConfigurations = (
				DF0D198522C107D70002E985 /* Debug */,
				DF0D198622C107D70002E985 /* Release */,
			);
			defaultConfigurationIsVisible = 0;
			defaultConfigurationName = Release;
		};
/* End XCConfigurationList section */
	};
	rootObject = DF0D196422C107D50002E985 /* Project object */;
}
